
Microsoft Visual Studio Solution File, Format Version 12.00
# Visual Studio 15
VisualStudioVersion = 15.0.28307.572
MinimumVisualStudioVersion = 10.0.40219.1
Project("{FAE04EC0-301F-11D3-BF4B-00C04F79EFBC}") = "ConsoleAppTutor", "ConsoleAppTutor.csproj", "{FD2E0A38-57BF-4C58-B696-B98CE821096C}"
EndProject
Global
	GlobalSection(SolutionConfigurationPlatforms) = preSolution
		Debug|Any CPU = Debug|Any CPU
		Release|Any CPU = Release|Any CPU
	EndGlobalSection
	GlobalSection(ProjectConfigurationPlatforms) = postSolution
		{FD2E0A38-57BF-4C58-B696-B98CE821096C}.Debug|Any CPU.ActiveCfg = Debug|Any CPU
		{FD2E0A38-57BF-4C58-B696-B98CE821096C}.Debug|Any CPU.Build.0 = Debug|Any CPU
		{FD2E0A38-57BF-4C58-B696-B98CE821096C}.Release|Any CPU.ActiveCfg = Release|Any CPU
		{FD2E0A38-57BF-4C58-B696-B98CE821096C}.Release|Any CPU.Build.0 = Release|Any CPU
	EndGlobalSection
	GlobalSection(SolutionProperties) = preSolution
		HideSolutionNode = FALSE
	EndGlobalSection
	GlobalSection(ExtensibilityGlobals) = postSolution
		SolutionGuid = {7C0BB44F-C85F-4F49-AFE3-13137E9CCB1B}
	EndGlobalSection
EndGlobal
